
Microsoft Visual Studio Solution File, Format Version 12.00
# Visual Studio Version 16
VisualStudioVersion = 16.0.36631.11
MinimumVisualStudioVersion = 10.0.40219.1
Project("{E24C65DC-7377-472B-9ABA-BC803B73C61A}") = "GetPostCookieSessionValid", "GetPostCookieSessionValid\", "{F12CA5B4-3D6B-4152-AD01-55D2539221FD}"
	ProjectSection(WebsiteProperties) = preProject
		TargetFrameworkMoniker = ".NETFramework,Version%3Dv4.7.2"
		Debug.AspNetCompiler.VirtualPath = "/localhost_64522"
		Debug.AspNetCompiler.PhysicalPath = "GetPostCookieSessionValid\"
		Debug.AspNetCompiler.TargetPath = "PrecompiledWeb\localhost_64522\"
		Debug.AspNetCompiler.Updateable = "true"
		Debug.AspNetCompiler.ForceOverwrite = "true"
		Debug.AspNetCompiler.FixedNames = "false"
		Debug.AspNetCompiler.Debug = "True"
		Release.AspNetCompiler.VirtualPath = "/localhost_64522"
		Release.AspNetCompiler.PhysicalPath = "GetPostCookieSessionValid\"
		Release.AspNetCompiler.TargetPath = "PrecompiledWeb\localhost_64522\"
		Release.AspNetCompiler.Updateable = "true"
		Release.AspNetCompiler.ForceOverwrite = "true"
		Release.AspNetCompiler.FixedNames = "false"
		Release.AspNetCompiler.Debug = "False"
		VWDPort = "64522"
		SlnRelativePath = "GetPostCookieSessionValid\"
		DefaultWebSiteLanguage = "Visual C#"
	EndProjectSection
EndProject
Global
	GlobalSection(SolutionConfigurationPlatforms) = preSolution
		Debug|Any CPU = Debug|Any CPU
	EndGlobalSection
	GlobalSection(ProjectConfigurationPlatforms) = postSolution
		{F12CA5B4-3D6B-4152-AD01-55D2539221FD}.Debug|Any CPU.ActiveCfg = Debug|Any CPU
		{F12CA5B4-3D6B-4152-AD01-55D2539221FD}.Debug|Any CPU.Build.0 = Debug|Any CPU
	EndGlobalSection
	GlobalSection(SolutionProperties) = preSolution
		HideSolutionNode = FALSE
	EndGlobalSection
	GlobalSection(ExtensibilityGlobals) = postSolution
		SolutionGuid = {C7C83176-CDCB-4B8E-AA30-4682262EA451}
	EndGlobalSection
EndGlobal
